
Microsoft Visual Studio Solution File, Format Version 12.00
Project("{FAE04EC0-301F-11D3-BF4B-00C04F79EFBC}") = "Ciot.Web", "Ciot.Web\Ciot.Web.csproj", "{7E1532A2-D566-4146-8AD2-8F3FC1006891}"
EndProject
Project("{FAE04EC0-301F-11D3-BF4B-00C04F79EFBC}") = "Ciot.Core", "Ciot.Core\Ciot.Core.csproj", "{90F538FE-712B-499D-8653-B1FCCCBD3BB1}"
EndProject
Project("{FAE04EC0-301F-11D3-BF4B-00C04F79EFBC}") = "Ciot.Data", "Ciot.Data\Ciot.Data.csproj", "{ACFD0ECB-FAE3-4F80-80AB-949C0DB0104C}"
EndProject
Project("{FAE04EC0-301F-11D3-BF4B-00C04F79EFBC}") = "Ciot.Application", "Ciot.Application\Ciot.Application.csproj", "{37EA5EE1-854C-43C9-AF68-3A42BD4100D7}"
EndProject
Global
	GlobalSection(SolutionConfigurationPlatforms) = preSolution
		Debug|Any CPU = Debug|Any CPU
		Release|Any CPU = Release|Any CPU
	EndGlobalSection
	GlobalSection(ProjectConfigurationPlatforms) = postSolution
		{7E1532A2-D566-4146-8AD2-8F3FC1006891}.Debug|Any CPU.ActiveCfg = Debug|Any CPU
		{7E1532A2-D566-4146-8AD2-8F3FC1006891}.Debug|Any CPU.Build.0 = Debug|Any CPU
		{7E1532A2-D566-4146-8AD2-8F3FC1006891}.Release|Any CPU.ActiveCfg = Release|Any CPU
		{7E1532A2-D566-4146-8AD2-8F3FC1006891}.Release|Any CPU.Build.0 = Release|Any CPU
		{90F538FE-712B-499D-8653-B1FCCCBD3BB1}.Debug|Any CPU.ActiveCfg = Debug|Any CPU
		{90F538FE-712B-499D-8653-B1FCCCBD3BB1}.Debug|Any CPU.Build.0 = Debug|Any CPU
		{90F538FE-712B-499D-8653-B1FCCCBD3BB1}.Release|Any CPU.ActiveCfg = Release|Any CPU
		{90F538FE-712B-499D-8653-B1FCCCBD3BB1}.Release|Any CPU.Build.0 = Release|Any CPU
		{ACFD0ECB-FAE3-4F80-80AB-949C0DB0104C}.Debug|Any CPU.ActiveCfg = Debug|Any CPU
		{ACFD0ECB-FAE3-4F80-80AB-949C0DB0104C}.Debug|Any CPU.Build.0 = Debug|Any CPU
		{ACFD0ECB-FAE3-4F80-80AB-949C0DB0104C}.Release|Any CPU.ActiveCfg = Release|Any CPU
		{ACFD0ECB-FAE3-4F80-80AB-949C0DB0104C}.Release|Any CPU.Build.0 = Release|Any CPU
		{37EA5EE1-854C-43C9-AF68-3A42BD4100D7}.Debug|Any CPU.ActiveCfg = Debug|Any CPU
		{37EA5EE1-854C-43C9-AF68-3A42BD4100D7}.Debug|Any CPU.Build.0 = Debug|Any CPU
		{37EA5EE1-854C-43C9-AF68-3A42BD4100D7}.Release|Any CPU.ActiveCfg = Release|Any CPU
		{37EA5EE1-854C-43C9-AF68-3A42BD4100D7}.Release|Any CPU.Build.0 = Release|Any CPU
	EndGlobalSection
EndGlobal
